
Microsoft Visual Studio Solution File, Format Version 12.00
# Visual Studio Version 16
VisualStudioVersion = 16.0.28803.202
MinimumVisualStudioVersion = 10.0.40219.1
Project("{FAE04EC0-301F-11D3-BF4B-00C04F79EFBC}") = "intro", "intro\intro.csproj", "{4B60FDD8-3E45-43BE-8536-E5DDB6D2DFF4}"
EndProject
Global
	GlobalSection(SolutionConfigurationPlatforms) = preSolution
		Debug|Any CPU = Debug|Any CPU
		Release|Any CPU = Release|Any CPU
	EndGlobalSection
	GlobalSection(ProjectConfigurationPlatforms) = postSolution
		{4B60FDD8-3E45-43BE-8536-E5DDB6D2DFF4}.Debug|Any CPU.ActiveCfg = Debug|Any CPU
		{4B60FDD8-3E45-43BE-8536-E5DDB6D2DFF4}.Debug|Any CPU.Build.0 = Debug|Any CPU
		{4B60FDD8-3E45-43BE-8536-E5DDB6D2DFF4}.Release|Any CPU.ActiveCfg = Release|Any CPU
		{4B60FDD8-3E45-43BE-8536-E5DDB6D2DFF4}.Release|Any CPU.Build.0 = Release|Any CPU
	EndGlobalSection
	GlobalSection(SolutionProperties) = preSolution
		HideSolutionNode = FALSE
	EndGlobalSection
	GlobalSection(ExtensibilityGlobals) = postSolution
		SolutionGuid = {AF43C368-2458-4C49-9565-2A913791087B}
	EndGlobalSection
EndGlobal
